
Microsoft Visual Studio Solution File, Format Version 12.00
# Visual Studio Version 17
VisualStudioVersion = 17.3.32901.215
MinimumVisualStudioVersion = 10.0.40219.1
Project("{FAE04EC0-301F-11D3-BF4B-00C04F79EFBC}") = "RCL.Demo.SecondWebApp", "RCL.Demo.SecondWebApp\RCL.Demo.SecondWebApp.csproj", "{6365F740-7950-4B9A-85DF-1219F5F27D3D}"
EndProject
Global
	GlobalSection(SolutionConfigurationPlatforms) = preSolution
		Debug|Any CPU = Debug|Any CPU
		Release|Any CPU = Release|Any CPU
	EndGlobalSection
	GlobalSection(ProjectConfigurationPlatforms) = postSolution
		{6365F740-7950-4B9A-85DF-1219F5F27D3D}.Debug|Any CPU.ActiveCfg = Debug|Any CPU
		{6365F740-7950-4B9A-85DF-1219F5F27D3D}.Debug|Any CPU.Build.0 = Debug|Any CPU
		{6365F740-7950-4B9A-85DF-1219F5F27D3D}.Release|Any CPU.ActiveCfg = Release|Any CPU
		{6365F740-7950-4B9A-85DF-1219F5F27D3D}.Release|Any CPU.Build.0 = Release|Any CPU
	EndGlobalSection
	GlobalSection(SolutionProperties) = preSolution
		HideSolutionNode = FALSE
	EndGlobalSection
	GlobalSection(ExtensibilityGlobals) = postSolution
		SolutionGuid = {C8B1717B-9BDB-4521-B357-6EAA6F928447}
	EndGlobalSection
EndGlobal
